
Microsoft Visual Studio Solution File, Format Version 12.00
Project("{FAE04EC0-301F-11D3-BF4B-00C04F79EFBC}") = "Movies.Application", "Movies.Application\Movies.Application.csproj", "{5EFD7DD6-7236-4C32-849A-52808C4D4531}"
EndProject
Project("{FAE04EC0-301F-11D3-BF4B-00C04F79EFBC}") = "Movies.Contracts", "Movies.Contracts\Movies.Contracts.csproj", "{6F63D8DF-AD64-4FDB-A949-6A20C4A781E2}"
EndProject
Project("{FAE04EC0-301F-11D3-BF4B-00C04F79EFBC}") = "Movies.Api", "Movies.Api\Movies.Api.csproj", "{A5A011E9-6F8F-4CF6-93A9-2C1B86696A02}"
EndProject
Global
	GlobalSection(SolutionConfigurationPlatforms) = preSolution
		Debug|Any CPU = Debug|Any CPU
		Release|Any CPU = Release|Any CPU
	EndGlobalSection
	GlobalSection(ProjectConfigurationPlatforms) = postSolution
		{5EFD7DD6-7236-4C32-849A-52808C4D4531}.Debug|Any CPU.ActiveCfg = Debug|Any CPU
		{5EFD7DD6-7236-4C32-849A-52808C4D4531}.Debug|Any CPU.Build.0 = Debug|Any CPU
		{5EFD7DD6-7236-4C32-849A-52808C4D4531}.Release|Any CPU.ActiveCfg = Release|Any CPU
		{5EFD7DD6-7236-4C32-849A-52808C4D4531}.Release|Any CPU.Build.0 = Release|Any CPU
		{6F63D8DF-AD64-4FDB-A949-6A20C4A781E2}.Debug|Any CPU.ActiveCfg = Debug|Any CPU
		{6F63D8DF-AD64-4FDB-A949-6A20C4A781E2}.Debug|Any CPU.Build.0 = Debug|Any CPU
		{6F63D8DF-AD64-4FDB-A949-6A20C4A781E2}.Release|Any CPU.ActiveCfg = Release|Any CPU
		{6F63D8DF-AD64-4FDB-A949-6A20C4A781E2}.Release|Any CPU.Build.0 = Release|Any CPU
		{A5A011E9-6F8F-4CF6-93A9-2C1B86696A02}.Debug|Any CPU.ActiveCfg = Debug|Any CPU
		{A5A011E9-6F8F-4CF6-93A9-2C1B86696A02}.Debug|Any CPU.Build.0 = Debug|Any CPU
		{A5A011E9-6F8F-4CF6-93A9-2C1B86696A02}.Release|Any CPU.ActiveCfg = Release|Any CPU
		{A5A011E9-6F8F-4CF6-93A9-2C1B86696A02}.Release|Any CPU.Build.0 = Release|Any CPU
	EndGlobalSection
EndGlobal
